Microsoft Visual Studio Solution File, Format Version 11.00
# Visual Studio 2008

Project("{E0DBD038-4533-CD34-497E-38414FBD0D2A}") = "Grotto_SemSom", "Assembly-CSharp-firstpass.csproj", "{52CE7FD1-F8F3-A39B-4639-BA540369330B}"
EndProject
Project("{E0DBD038-4533-CD34-497E-38414FBD0D2A}") = "Grotto_SemSom", "Assembly-CSharp.csproj", "{6073347B-299B-ED0C-B15A-BAF7BC5A1B84}"
EndProject
Project("{E0DBD038-4533-CD34-497E-38414FBD0D2A}") = "Grotto_SemSom", "Assembly-CSharp-Editor-firstpass.csproj", "{0E77DEC3-5260-6AA6-9170-F44F6AFAC6D4}"
EndProject
Project("{E0DBD038-4533-CD34-497E-38414FBD0D2A}") = "Grotto_SemSom", "Assembly-CSharp-Editor.csproj", "{14FB4D53-0F83-4BB6-8BE1-35E996451532}"
EndProject
Global
	GlobalSection(SolutionConfigurationPlatforms) = preSolution
		Debug|Any CPU = Debug|Any CPU
		Release|Any CPU = Release|Any CPU
	EndGlobalSection
	GlobalSection(ProjectConfigurationPlatforms) = postSolution
		{52CE7FD1-F8F3-A39B-4639-BA540369330B}.Debug|Any CPU.ActiveCfg = Debug|Any CPU
		{52CE7FD1-F8F3-A39B-4639-BA540369330B}.Debug|Any CPU.Build.0 = Debug|Any CPU
		{52CE7FD1-F8F3-A39B-4639-BA540369330B}.Release|Any CPU.ActiveCfg = Release|Any CPU
		{52CE7FD1-F8F3-A39B-4639-BA540369330B}.Release|Any CPU.Build.0 = Release|Any CPU
		{6073347B-299B-ED0C-B15A-BAF7BC5A1B84}.Debug|Any CPU.ActiveCfg = Debug|Any CPU
		{6073347B-299B-ED0C-B15A-BAF7BC5A1B84}.Debug|Any CPU.Build.0 = Debug|Any CPU
		{6073347B-299B-ED0C-B15A-BAF7BC5A1B84}.Release|Any CPU.ActiveCfg = Release|Any CPU
		{6073347B-299B-ED0C-B15A-BAF7BC5A1B84}.Release|Any CPU.Build.0 = Release|Any CPU
		{0E77DEC3-5260-6AA6-9170-F44F6AFAC6D4}.Debug|Any CPU.ActiveCfg = Debug|Any CPU
		{0E77DEC3-5260-6AA6-9170-F44F6AFAC6D4}.Debug|Any CPU.Build.0 = Debug|Any CPU
		{0E77DEC3-5260-6AA6-9170-F44F6AFAC6D4}.Release|Any CPU.ActiveCfg = Release|Any CPU
		{0E77DEC3-5260-6AA6-9170-F44F6AFAC6D4}.Release|Any CPU.Build.0 = Release|Any CPU
		{14FB4D53-0F83-4BB6-8BE1-35E996451532}.Debug|Any CPU.ActiveCfg = Debug|Any CPU
		{14FB4D53-0F83-4BB6-8BE1-35E996451532}.Debug|Any CPU.Build.0 = Debug|Any CPU
		{14FB4D53-0F83-4BB6-8BE1-35E996451532}.Release|Any CPU.ActiveCfg = Release|Any CPU
		{14FB4D53-0F83-4BB6-8BE1-35E996451532}.Release|Any CPU.Build.0 = Release|Any CPU
	EndGlobalSection
	GlobalSection(SolutionProperties) = preSolution
		HideSolutionNode = FALSE
	EndGlobalSection
	GlobalSection(MonoDevelopProperties) = preSolution
		StartupItem = Assembly-CSharp.csproj
	EndGlobalSection
EndGlobal
